
Microsoft Visual Studio Solution File, Format Version 12.00
# Visual Studio 15
VisualStudioVersion = 15.0.28010.2036
MinimumVisualStudioVersion = 10.0.40219.1
Project("{FAE04EC0-301F-11D3-BF4B-00C04F79EFBC}") = "LampinAround", "LampinAround\LampinAround.csproj", "{FBFE85AE-406C-432F-A30A-3D06C64C3E08}"
EndProject
Global
	GlobalSection(SolutionConfigurationPlatforms) = preSolution
		Debug|Any CPU = Debug|Any CPU
		Release|Any CPU = Release|Any CPU
	EndGlobalSection
	GlobalSection(ProjectConfigurationPlatforms) = postSolution
		{FBFE85AE-406C-432F-A30A-3D06C64C3E08}.Debug|Any CPU.ActiveCfg = Debug|Any CPU
		{FBFE85AE-406C-432F-A30A-3D06C64C3E08}.Debug|Any CPU.Build.0 = Debug|Any CPU
		{FBFE85AE-406C-432F-A30A-3D06C64C3E08}.Release|Any CPU.ActiveCfg = Release|Any CPU
		{FBFE85AE-406C-432F-A30A-3D06C64C3E08}.Release|Any CPU.Build.0 = Release|Any CPU
	EndGlobalSection
	GlobalSection(SolutionProperties) = preSolution
		HideSolutionNode = FALSE
	EndGlobalSection
	GlobalSection(ExtensibilityGlobals) = postSolution
		SolutionGuid = {121F8166-4AAB-4C4B-BDD5-89390BF154E4}
	EndGlobalSection
EndGlobal
